
Microsoft Visual Studio Solution File, Format Version 12.00
# Visual Studio 15
VisualStudioVersion = 15.0.26124.0
MinimumVisualStudioVersion = 15.0.26124.0
Project("{9A19103F-16F7-4668-BE54-9A1E7A4F7556}") = "NuGetSearcher", "NuGetSearcher\NuGetSearcher.csproj", "{2504275C-504F-4C31-BACE-763E6AC2E922}"
EndProject
Project("{FAE04EC0-301F-11D3-BF4B-00C04F79EFBC}") = "NuGetSearcher.Client", "NuGetSearcher.Client\NuGetSearcher.Client.csproj", "{9F704629-B137-4B4A-9A39-1631283A6E5B}"
EndProject
Global
	GlobalSection(SolutionConfigurationPlatforms) = preSolution
		Debug|Any CPU = Debug|Any CPU
		Debug|x64 = Debug|x64
		Debug|x86 = Debug|x86
		Release|Any CPU = Release|Any CPU
		Release|x64 = Release|x64
		Release|x86 = Release|x86
	EndGlobalSection
	GlobalSection(ProjectConfigurationPlatforms) = postSolution
		{2504275C-504F-4C31-BACE-763E6AC2E922}.Debug|Any CPU.ActiveCfg = Debug|Any CPU
		{2504275C-504F-4C31-BACE-763E6AC2E922}.Debug|Any CPU.Build.0 = Debug|Any CPU
		{2504275C-504F-4C31-BACE-763E6AC2E922}.Debug|x64.ActiveCfg = Debug|Any CPU
		{2504275C-504F-4C31-BACE-763E6AC2E922}.Debug|x64.Build.0 = Debug|Any CPU
		{2504275C-504F-4C31-BACE-763E6AC2E922}.Debug|x86.ActiveCfg = Debug|Any CPU
		{2504275C-504F-4C31-BACE-763E6AC2E922}.Debug|x86.Build.0 = Debug|Any CPU
		{2504275C-504F-4C31-BACE-763E6AC2E922}.Release|Any CPU.ActiveCfg = Release|Any CPU
		{2504275C-504F-4C31-BACE-763E6AC2E922}.Release|Any CPU.Build.0 = Release|Any CPU
		{2504275C-504F-4C31-BACE-763E6AC2E922}.Release|x64.ActiveCfg = Release|Any CPU
		{2504275C-504F-4C31-BACE-763E6AC2E922}.Release|x64.Build.0 = Release|Any CPU
		{2504275C-504F-4C31-BACE-763E6AC2E922}.Release|x86.ActiveCfg = Release|Any CPU
		{2504275C-504F-4C31-BACE-763E6AC2E922}.Release|x86.Build.0 = Release|Any CPU
		{9F704629-B137-4B4A-9A39-1631283A6E5B}.Debug|Any CPU.ActiveCfg = Debug|Any CPU
		{9F704629-B137-4B4A-9A39-1631283A6E5B}.Debug|Any CPU.Build.0 = Debug|Any CPU
		{9F704629-B137-4B4A-9A39-1631283A6E5B}.Debug|x64.ActiveCfg = Debug|Any CPU
		{9F704629-B137-4B4A-9A39-1631283A6E5B}.Debug|x64.Build.0 = Debug|Any CPU
		{9F704629-B137-4B4A-9A39-1631283A6E5B}.Debug|x86.ActiveCfg = Debug|Any CPU
		{9F704629-B137-4B4A-9A39-1631283A6E5B}.Debug|x86.Build.0 = Debug|Any CPU
		{9F704629-B137-4B4A-9A39-1631283A6E5B}.Release|Any CPU.ActiveCfg = Release|Any CPU
		{9F704629-B137-4B4A-9A39-1631283A6E5B}.Release|Any CPU.Build.0 = Release|Any CPU
		{9F704629-B137-4B4A-9A39-1631283A6E5B}.Release|x64.ActiveCfg = Release|Any CPU
		{9F704629-B137-4B4A-9A39-1631283A6E5B}.Release|x64.Build.0 = Release|Any CPU
		{9F704629-B137-4B4A-9A39-1631283A6E5B}.Release|x86.ActiveCfg = Release|Any CPU
		{9F704629-B137-4B4A-9A39-1631283A6E5B}.Release|x86.Build.0 = Release|Any CPU
	EndGlobalSection
	GlobalSection(SolutionProperties) = preSolution
		HideSolutionNode = FALSE
	EndGlobalSection
	GlobalSection(ExtensibilityGlobals) = postSolution
		SolutionGuid = {9EBD498B-B911-4F52-8BEA-1824CD8D5C09}
	EndGlobalSection
EndGlobal
